{
  "name": "illisit",
  "version": "1.0.0",
  "lockfileVersion": 2,
  "requires": true,
  "packages": {
    "": {
      "name": "illisit",
      "version": "1.0.0",
      "license": "ISC",
      "dependencies": {
        "illisit-store": "file:../illisit-store",
        "lodash": "^4.17.21"
      }
    },
    "../illisit-store": {
      "version": "1.0.0",
      "license": "ISC",
      "dependencies": {
        "illisit": "file:../illisit",
        "lodash": "^4.17.21",
        "vuex": "^4.0.2"
      },
      "devDependencies": {}
    },
    "node_modules/illisit-store": {
      "resolved": "../illisit-store",
      "link": true
    },
    "node_modules/lodash": {
      "version": "4.17.21",
      "resolved": "https://registry.npmjs.org/lodash/-/lodash-4.17.21.tgz",
      "integrity": "sha512-v2kDEe57lecTulaDIuNTPy3Ry4gLGJ6Z1O3vE1krgXZNrsQ+LFTGHVxVjcXPs17LhbZVGedAJv8XZ1tvj5FvSg=="
    }
  },
  "dependencies": {
    "illisit-store": {
      "version": "file:../illisit-store",
      "requires": {
        "illisit": "file:../illisit",
        "lodash": "^4.17.21",
        "vuex": "^4.0.2"
      }
    },
    "lodash": {
      "version": "4.17.21",
      "resolved": "https://registry.npmjs.org/lodash/-/lodash-4.17.21.tgz",
      "integrity": "sha512-v2kDEe57lecTulaDIuNTPy3Ry4gLGJ6Z1O3vE1krgXZNrsQ+LFTGHVxVjcXPs17LhbZVGedAJv8XZ1tvj5FvSg=="
    }
  }
}
